
Microsoft Visual Studio Solution File, Format Version 12.00
# Visual Studio Version 17
VisualStudioVersion = 17.4.33403.182
MinimumVisualStudioVersion = 10.0.40219.1
Project("{FAE04EC0-301F-11D3-BF4B-00C04F79EFBC}") = "PasswordGeneratorLibrary", "PasswordGeneratorLibrary\PasswordGeneratorLibrary.csproj", "{879F1B8F-F006-40DA-81A5-ED5EB33D7A41}"
EndProject
Project("{FAE04EC0-301F-11D3-BF4B-00C04F79EFBC}") = "PasswordGeneratorUI", "PasswordGeneratorUI\PasswordGeneratorUI.csproj", "{12A6F3AC-F59C-4ECD-9C81-5AF25FDD15D5}"
EndProject
Global
	GlobalSection(SolutionConfigurationPlatforms) = preSolution
		Debug|Any CPU = Debug|Any CPU
		Release|Any CPU = Release|Any CPU
	EndGlobalSection
	GlobalSection(ProjectConfigurationPlatforms) = postSolution
		{879F1B8F-F006-40DA-81A5-ED5EB33D7A41}.Debug|Any CPU.ActiveCfg = Debug|Any CPU
		{879F1B8F-F006-40DA-81A5-ED5EB33D7A41}.Debug|Any CPU.Build.0 = Debug|Any CPU
		{879F1B8F-F006-40DA-81A5-ED5EB33D7A41}.Release|Any CPU.ActiveCfg = Release|Any CPU
		{879F1B8F-F006-40DA-81A5-ED5EB33D7A41}.Release|Any CPU.Build.0 = Release|Any CPU
		{12A6F3AC-F59C-4ECD-9C81-5AF25FDD15D5}.Debug|Any CPU.ActiveCfg = Debug|Any CPU
		{12A6F3AC-F59C-4ECD-9C81-5AF25FDD15D5}.Debug|Any CPU.Build.0 = Debug|Any CPU
		{12A6F3AC-F59C-4ECD-9C81-5AF25FDD15D5}.Release|Any CPU.ActiveCfg = Release|Any CPU
		{12A6F3AC-F59C-4ECD-9C81-5AF25FDD15D5}.Release|Any CPU.Build.0 = Release|Any CPU
	EndGlobalSection
	GlobalSection(SolutionProperties) = preSolution
		HideSolutionNode = FALSE
	EndGlobalSection
	GlobalSection(ExtensibilityGlobals) = postSolution
		SolutionGuid = {68A673E9-3849-4DA5-881C-D36DCC78F927}
	EndGlobalSection
EndGlobal
